<?xml version="1.0" encoding="utf-8"?>
<Project ToolsVersion="4.0" xmlns="http://schemas.microsoft.com/developer/msbuild/2003">
  <ItemGroup>
    <Filter Include="Source Files">
      <UniqueIdentifier>{4FC737F1-C7A5-4376-A066-2A32D752A2FF}</UniqueIdentifier>
      <Extensions>cpp;c;cc;cxx;def;odl;idl;hpj;bat;asm;asmx</Extensions>
    </Filter>
    <Filter Include="Header Files">
      <UniqueIdentifier>{93995380-89BD-4b04-88EB-625FBE52EBFB}</UniqueIdentifier>
      <Extensions>h;hh;hpp;hxx;hm;inl;inc;xsd</Extensions>
    </Filter>
    <Filter Include="Resource Files">
      <UniqueIdentifier>{67DA6AB6-F800-4c08-8B7A-83BB121AAD01}</UniqueIdentifier>
      <Extensions>rc;ico;cur;bmp;dlg;rc2;rct;bin;rgs;gif;jpg;jpeg;jpe;resx;tiff;tif;png;wav;mfcribbon-ms</Extensions>
    </Filter>
    <Filter Include="Header Files\Messages">
      <UniqueIdentifier>{f092810e-6514-4ff4-b86d-8498e73cb2b7}</UniqueIdentifier>
    </Filter>
    <Filter Include="Header Files\api">
      <UniqueIdentifier>{ac573c23-60f2-4013-891c-b14a41860276}</UniqueIdentifier>
    </Filter>
    <Filter Include="Header Files\plugin">
      <UniqueIdentifier>{294c9dab-b810-486f-9f24-b6f052847673}</UniqueIdentifier>
    </Filter>
    <Filter Include="Source Files\plugin">
      <UniqueIdentifier>{c9381a21-19e4-410f-b96b-c727f7fd6818}</UniqueIdentifier>
    </Filter>
  </ItemGroup>
  <ItemGroup>
    <ClCompile Include="main.cpp">
      <Filter>Source Files</Filter>
    </ClCompile>
    <ClCompile Include="ScreenArea.cpp">
      <Filter>Source Files</Filter>
    </ClCompile>
    <ClCompile Include="ScreenGrabber.cpp">
      <Filter>Source Files</Filter>
    </ClCompile>
    <ClCompile Include="Colors.cpp">
      <Filter>Source Files</Filter>
    </ClCompile>
    <ClCompile Include="Common.cpp">
      <Filter>Source Files</Filter>
    </ClCompile>
    <ClCompile Include="WindowFinder.cpp">
      <Filter>Source Files</Filter>
    </ClCompile>
    <ClCompile Include="Keyboard.cpp">
      <Filter>Source Files</Filter>
    </ClCompile>
    <ClCompile Include="Bot.cpp">
      <Filter>Source Files</Filter>
    </ClCompile>
    <ClCompile Include="State.cpp">
      <Filter>Source Files</Filter>
    </ClCompile>
    <ClCompile Include="Util.cpp">
      <Filter>Source Files</Filter>
    </ClCompile>
    <ClCompile Include="Config.cpp">
      <Filter>Source Files</Filter>
    </ClCompile>
    <ClCompile Include="Memory.cpp">
      <Filter>Source Files</Filter>
    </ClCompile>
    <ClCompile Include="Random.cpp">
      <Filter>Source Files</Filter>
    </ClCompile>
    <ClCompile Include="Level.cpp">
      <Filter>Source Files</Filter>
    </ClCompile>
    <ClCompile Include="Pathing.cpp">
      <Filter>Source Files</Filter>
    </ClCompile>
    <ClCompile Include="Client.cpp">
      <Filter>Source Files</Filter>
    </ClCompile>
    <ClCompile Include="RotationStore.cpp">
      <Filter>Source Files</Filter>
    </ClCompile>
    <ClCompile Include="PlayerList.cpp">
      <Filter>Source Files</Filter>
    </ClCompile>
    <ClCompile Include="Font.cpp">
      <Filter>Source Files</Filter>
    </ClCompile>
    <ClCompile Include="LogReader.cpp">
      <Filter>Source Files</Filter>
    </ClCompile>
    <ClCompile Include="MessageQueue.cpp">
      <Filter>Source Files</Filter>
    </ClCompile>
    <ClCompile Include="CommandHandler.cpp">
      <Filter>Source Files</Filter>
    </ClCompile>
    <ClCompile Include="Taunter.cpp">
      <Filter>Source Files</Filter>
    </ClCompile>
    <ClCompile Include="MemorySensor.cpp">
      <Filter>Source Files</Filter>
    </ClCompile>
    <ClCompile Include="Survivor.cpp">
      <Filter>Source Files</Filter>
    </ClCompile>
    <ClCompile Include="Revenge.cpp">
      <Filter>Source Files</Filter>
    </ClCompile>
    <ClCompile Include="Version.cpp">
      <Filter>Source Files</Filter>
    </ClCompile>
    <ClCompile Include="plugin\PluginManager.cpp">
      <Filter>Source Files\plugin</Filter>
    </ClCompile>
    <ClCompile Include="plugin\PluginInstance.cpp">
      <Filter>Source Files\plugin</Filter>
    </ClCompile>
  </ItemGroup>
  <ItemGroup>
    <ClInclude Include="Common.h">
      <Filter>Header Files</Filter>
    </ClInclude>
    <ClInclude Include="ScreenArea.h">
      <Filter>Header Files</Filter>
    </ClInclude>
    <ClInclude Include="ScreenGrabber.h">
      <Filter>Header Files</Filter>
    </ClInclude>
    <ClInclude Include="WindowFinder.h">
      <Filter>Header Files</Filter>
    </ClInclude>
    <ClInclude Include="Keyboard.h">
      <Filter>Header Files</Filter>
    </ClInclude>
    <ClInclude Include="Bot.h">
      <Filter>Header Files</Filter>
    </ClInclude>
    <ClInclude Include="State.h">
      <Filter>Header Files</Filter>
    </ClInclude>
    <ClInclude Include="Util.h">
      <Filter>Header Files</Filter>
    </ClInclude>
    <ClInclude Include="Config.h">
      <Filter>Header Files</Filter>
    </ClInclude>
    <ClInclude Include="Memory.h">
      <Filter>Header Files</Filter>
    </ClInclude>
    <ClInclude Include="Random.h">
      <Filter>Header Files</Filter>
    </ClInclude>
    <ClInclude Include="Level.h">
      <Filter>Header Files</Filter>
    </ClInclude>
    <ClInclude Include="Pathing.h">
      <Filter>Header Files</Filter>
    </ClInclude>
    <ClInclude Include="Client.h">
      <Filter>Header Files</Filter>
    </ClInclude>
    <ClInclude Include="RotationStore.h">
      <Filter>Header Files</Filter>
    </ClInclude>
    <ClInclude Include="Tokenizer.h">
      <Filter>Header Files</Filter>
    </ClInclude>
    <ClInclude Include="PlayerList.h">
      <Filter>Header Files</Filter>
    </ClInclude>
    <ClInclude Include="Font.h">
      <Filter>Header Files</Filter>
    </ClInclude>
    <ClInclude Include="Vector.h">
      <Filter>Header Files</Filter>
    </ClInclude>
    <ClInclude Include="FileStream.h">
      <Filter>Header Files</Filter>
    </ClInclude>
    <ClInclude Include="LogReader.h">
      <Filter>Header Files</Filter>
    </ClInclude>
    <ClInclude Include="MessageQueue.h">
      <Filter>Header Files</Filter>
    </ClInclude>
    <ClInclude Include="CommandHandler.h">
      <Filter>Header Files</Filter>
    </ClInclude>
    <ClInclude Include="Messages\KillMessage.h">
      <Filter>Header Files\Messages</Filter>
    </ClInclude>
    <ClInclude Include="Messages\ChatMessage.h">
      <Filter>Header Files\Messages</Filter>
    </ClInclude>
    <ClInclude Include="Messages\Messages.h">
      <Filter>Header Files\Messages</Filter>
    </ClInclude>
    <ClInclude Include="Taunter.h">
      <Filter>Header Files</Filter>
    </ClInclude>
    <ClInclude Include="Player.h">
      <Filter>Header Files</Filter>
    </ClInclude>
    <ClInclude Include="MemorySensor.h">
      <Filter>Header Files</Filter>
    </ClInclude>
    <ClInclude Include="ClientSettings.h">
      <Filter>Header Files</Filter>
    </ClInclude>
    <ClInclude Include="Survivor.h">
      <Filter>Header Files</Filter>
    </ClInclude>
    <ClInclude Include="Revenge.h">
      <Filter>Header Files</Filter>
    </ClInclude>
    <ClInclude Include="Version.h">
      <Filter>Header Files</Filter>
    </ClInclude>
    <ClInclude Include="api\Version.h">
      <Filter>Header Files\api</Filter>
    </ClInclude>
    <ClInclude Include="plugin\Plugin.h">
      <Filter>Header Files\plugin</Filter>
    </ClInclude>
    <ClInclude Include="plugin\PluginManager.h">
      <Filter>Header Files\plugin</Filter>
    </ClInclude>
    <ClInclude Include="plugin\PluginInstance.h">
      <Filter>Header Files\plugin</Filter>
    </ClInclude>
    <ClInclude Include="api\Api.h">
      <Filter>Header Files\api</Filter>
    </ClInclude>
    <ClInclude Include="api\Bot.h">
      <Filter>Header Files\api</Filter>
    </ClInclude>
    <ClInclude Include="api\Client.h">
      <Filter>Header Files\api</Filter>
    </ClInclude>
    <ClInclude Include="api\State.h">
      <Filter>Header Files\api</Filter>
    </ClInclude>
  </ItemGroup>
</Project>