
Microsoft Visual Studio Solution File, Format Version 12.00
# Visual Studio 2013
VisualStudioVersion = 12.0.31101.0
MinimumVisualStudioVersion = 10.0.40219.1
Project("{8BC9CEB8-8B4A-11D0-8D11-00A0C91BC942}") = "Survivor", "Survivor\Survivor.vcxproj", "{693D7268-C1BE-4819-93E1-EE722D77A57B}"
EndProject
Global
	GlobalSection(SolutionConfigurationPlatforms) = preSolution
		Debug|Win32 = Debug|Win32
		Release|Win32 = Release|Win32
	EndGlobalSection
	GlobalSection(ProjectConfigurationPlatforms) = postSolution
		{693D7268-C1BE-4819-93E1-EE722D77A57B}.Debug|Win32.ActiveCfg = Debug|Win32
		{693D7268-C1BE-4819-93E1-EE722D77A57B}.Debug|Win32.Build.0 = Debug|Win32
		{693D7268-C1BE-4819-93E1-EE722D77A57B}.Release|Win32.ActiveCfg = Release|Win32
		{693D7268-C1BE-4819-93E1-EE722D77A57B}.Release|Win32.Build.0 = Release|Win32
	EndGlobalSection
	GlobalSection(SolutionProperties) = preSolution
		HideSolutionNode = FALSE
	EndGlobalSection
EndGlobal
